version = 1
revision = 3
requires-python = ">=3.14"

[[package]]
name = "bocpy"
version = "0.2.0"
source = { registry = "https://pypi.org/simple" }
sdist = { url = "https://files.pythonhosted.org/packages/83/52/0f5afb3f625b478a330591cdbcf3a26790973e424fe97eb251215db67d19/bocpy-0.2.0.tar.gz", hash = "sha256:6cdff3b363c95ae1f31571462b8a35bd57e3ea3e82b1f9aea653cb2a5c170297", size = 89885, upload-time = "2026-03-04T11:32:32.702Z" }
wheels = [
    { url = "https://files.pythonhosted.org/packages/c4/6b/e294ba7003918416450240faa041c5f38cdc0630aa9fbfc8f603aea2e1ef/bocpy-0.2.0-cp314-cp314-macosx_11_0_arm64.whl", hash = "sha256:7a05ab565ca34b41d1291d77f9a6506e84ac1b4a25b093d0ddfa4abfac86afe1", size = 109987, upload-time = "2026-03-04T11:32:25.825Z" },
    { url = "https://files.pythonhosted.org/packages/9a/f1/a1eeae12635a01af99fe89d168ed91a1192751f664f1e2186bde199cf022/bocpy-0.2.0-cp314-cp314-macosx_14_0_x86_64.whl", hash = "sha256:93f06cf72d9bf64535b439f1500b994cf359828600e4965574192d262a8ce393", size = 114236, upload-time = "2026-03-04T11:32:26.688Z" },
    { url = "https://files.pythonhosted.org/packages/be/1a/dcdcaad72a4f70c8bb9328be824a36ddc4b21ace64e96ec21a17e67a255b/bocpy-0.2.0-cp314-cp314-manylinux_2_28_x86_64.whl", hash = "sha256:468d0820463275b8a023edb676ae04c637212a48e2602165aa801a34d58f4d88", size = 273101, upload-time = "2026-03-04T11:32:27.694Z" },
    { url = "https://files.pythonhosted.org/packages/94/b9/1ee7c2ddbdec8a5c2fc1be8cf8fa2330cba3088343b778f703237cd179d6/bocpy-0.2.0-cp314-cp314-musllinux_1_2_x86_64.whl", hash = "sha256:64432bbddad95435d1e0b6abd86a7ae629163fbbdbc6e5c752dbcb57556f8400", size = 270300, upload-time = "2026-03-04T11:32:28.983Z" },
    { url = "https://files.pythonhosted.org/packages/9a/3d/ae861b0a18773d668cb44da7ef94dbe87160bb8e79b202e208132442f428/bocpy-0.2.0-cp314-cp314-win32.whl", hash = "sha256:463b4dc6569bad201ccc76a543ddf2d9569114efa8d423bc96568d11ffb07205", size = 108820, upload-time = "2026-03-04T11:32:29.94Z" },
    { url = "https://files.pythonhosted.org/packages/67/fc/62d43a5a20aba27368ae3147ef2a50071376fb6585c9101086f416177cc7/bocpy-0.2.0-cp314-cp314-win_amd64.whl", hash = "sha256:8c4119a93b850dcd276f0fab798dcf6d40b3cbf320a6349cb2418f70e5bd182d", size = 111812, upload-time = "2026-03-04T11:32:31.676Z" },
]

[[package]]
name = "pldi26-artifact"
version = "0.1.0"
source = { virtual = "." }
dependencies = [
    { name = "bocpy" },
]

[package.metadata]
requires-dist = [{ name = "bocpy", specifier = "==0.2.0" }]
